// !$*UTF8*$!
{
	archiveVersion = 1;
	classes = {
	};
	objectVersion = 56;
	objects = {

/* Begin PBXBuildFile section */
		3B0E52562A49DB72006C46B4 /* RegistrationView.swift in Sources */ = {isa = PBXBuildFile; fileRef = 3B0E52552A49DB72006C46B4 /* RegistrationView.swift */; };
		3B0E52582A49DF02006C46B4 /* ProfileView.swift in Sources */ = {isa = PBXBuildFile; fileRef = 3B0E52572A49DF02006C46B4 /* ProfileView.swift */; };
		3B0E525A2A4A7F73006C46B4 /* SettingsRowView.swift in Sources */ = {isa = PBXBuildFile; fileRef = 3B0E52592A4A7F73006C46B4 /* SettingsRowView.swift */; };
		3B0E525C2A4A8179006C46B4 /* User.swift in Sources */ = {isa = PBXBuildFile; fileRef = 3B0E525B2A4A8179006C46B4 /* User.swift */; };
		3B0E525E2A4A884D006C46B4 /* GoogleService-Info.plist in Resources */ = {isa = PBXBuildFile; fileRef = 3B0E525D2A4A884D006C46B4 /* GoogleService-Info.plist */; };
		3B0E52612A4A88C2006C46B4 /* FirebaseAuth in Frameworks */ = {isa = PBXBuildFile; productRef = 3B0E52602A4A88C2006C46B4 /* FirebaseAuth */; };
		3B0E52632A4A88C2006C46B4 /* FirebaseFirestore in Frameworks */ = {isa = PBXBuildFile; productRef = 3B0E52622A4A88C2006C46B4 /* FirebaseFirestore */; };
		3B0E52652A4A88C2006C46B4 /* FirebaseFirestoreSwift in Frameworks */ = {isa = PBXBuildFile; productRef = 3B0E52642A4A88C2006C46B4 /* FirebaseFirestoreSwift */; };
		3B0E52672A4A88C2006C46B4 /* FirebaseStorage in Frameworks */ = {isa = PBXBuildFile; productRef = 3B0E52662A4A88C2006C46B4 /* FirebaseStorage */; };
		3B0E526B2A4A8922006C46B4 /* AuthViewModel.swift in Sources */ = {isa = PBXBuildFile; fileRef = 3B0E526A2A4A8922006C46B4 /* AuthViewModel.swift */; };
		3B55995C2A49CE2E002EBC11 /* LoginScreenApp.swift in Sources */ = {isa = PBXBuildFile; fileRef = 3B55995B2A49CE2E002EBC11 /* LoginScreenApp.swift */; };
		3B55995E2A49CE2E002EBC11 /* ContentView.swift in Sources */ = {isa = PBXBuildFile; fileRef = 3B55995D2A49CE2E002EBC11 /* ContentView.swift */; };
		3B5599602A49CE2F002EBC11 /* Assets.xcassets in Resources */ = {isa = PBXBuildFile; fileRef = 3B55995F2A49CE2F002EBC11 /* Assets.xcassets */; };
		3B5599632A49CE2F002EBC11 /* Preview Assets.xcassets in Resources */ = {isa = PBXBuildFile; fileRef = 3B5599622A49CE2F002EBC11 /* Preview Assets.xcassets */; };
		3B5599712A49CED8002EBC11 /* LoginView.swift in Sources */ = {isa = PBXBuildFile; fileRef = 3B5599702A49CED8002EBC11 /* LoginView.swift */; };
		3B5599732A49D0A8002EBC11 /* InputView.swift in Sources */ = {isa = PBXBuildFile; fileRef = 3B5599722A49D0A8002EBC11 /* InputView.swift */; };
/* End PBXBuildFile section */

/* Begin PBXFileReference section */
		3B0E52552A49DB72006C46B4 /* RegistrationView.swift */ = {isa = PBXFileReference; lastKnownFileType = sourcecode.swift; path = RegistrationView.swift; sourceTree = "<group>"; };
		3B0E52572A49DF02006C46B4 /* ProfileView.swift */ = {isa = PBXFileReference; lastKnownFileType = sourcecode.swift; path = ProfileView.swift; sourceTree = "<group>"; };
		3B0E52592A4A7F73006C46B4 /* SettingsRowView.swift */ = {isa = PBXFileReference; lastKnownFileType = sourcecode.swift; path = SettingsRowView.swift; sourceTree = "<group>"; };
		3B0E525B2A4A8179006C46B4 /* User.swift */ = {isa = PBXFileReference; lastKnownFileType = sourcecode.swift; path = User.swift; sourceTree = "<group>"; };
		3B0E525D2A4A884D006C46B4 /* GoogleService-Info.plist */ = {isa = PBXFileReference; fileEncoding = 4; lastKnownFileType = text.plist.xml; path = "GoogleService-Info.plist"; sourceTree = "<group>"; };
		3B0E526A2A4A8922006C46B4 /* AuthViewModel.swift */ = {isa = PBXFileReference; lastKnownFileType = sourcecode.swift; path = AuthViewModel.swift; sourceTree = "<group>"; };
		3B5599582A49CE2E002EBC11 /* LoginScreen.app */ = {isa = PBXFileReference; explicitFileType = wrapper.application; includeInIndex = 0; path = LoginScreen.app; sourceTree = BUILT_PRODUCTS_DIR; };
		3B55995B2A49CE2E002EBC11 /* LoginScreenApp.swift */ = {isa = PBXFileReference; lastKnownFileType = sourcecode.swift; path = LoginScreenApp.swift; sourceTree = "<group>"; };
		3B55995D2A49CE2E002EBC11 /* ContentView.swift */ = {isa = PBXFileReference; lastKnownFileType = sourcecode.swift; path = ContentView.swift; sourceTree = "<group>"; };
		3B55995F2A49CE2F002EBC11 /* Assets.xcassets */ = {isa = PBXFileReference; lastKnownFileType = folder.assetcatalog; path = Assets.xcassets; sourceTree = "<group>"; };
		3B5599622A49CE2F002EBC11 /* Preview Assets.xcassets */ = {isa = PBXFileReference; lastKnownFileType = folder.assetcatalog; path = "Preview Assets.xcassets"; sourceTree = "<group>"; };
		3B5599702A49CED8002EBC11 /* LoginView.swift */ = {isa = PBXFileReference; lastKnownFileType = sourcecode.swift; path = LoginView.swift; sourceTree = "<group>"; };
		3B5599722A49D0A8002EBC11 /* InputView.swift */ = {isa = PBXFileReference; lastKnownFileType = sourcecode.swift; path = InputView.swift; sourceTree = "<group>"; };
/* End PBXFileReference section */

/* Begin PBXFrameworksBuildPhase section */
		3B5599552A49CE2E002EBC11 /* Frameworks */ = {
			isa = PBXFrameworksBuildPhase;
			buildActionMask = 2147483647;
			files = (
				3B0E52612A4A88C2006C46B4 /* FirebaseAuth in Frameworks */,
				3B0E52672A4A88C2006C46B4 /* FirebaseStorage in Frameworks */,
				3B0E52632A4A88C2006C46B4 /* FirebaseFirestore in Frameworks */,
				3B0E52652A4A88C2006C46B4 /* FirebaseFirestoreSwift in Frameworks */,
			);
			runOnlyForDeploymentPostprocessing = 0;
		};
/* End PBXFrameworksBuildPhase section */

/* Begin PBXGroup section */
		3B0E52682A4A88FF006C46B4 /* Views */ = {
			isa = PBXGroup;
			children = (
				3B5599702A49CED8002EBC11 /* LoginView.swift */,
				3B0E52552A49DB72006C46B4 /* RegistrationView.swift */,
			);
			path = Views;
			sourceTree = "<group>";
		};
		3B0E52692A4A8904006C46B4 /* ViewModels */ = {
			isa = PBXGroup;
			children = (
				3B0E526A2A4A8922006C46B4 /* AuthViewModel.swift */,
			);
			path = ViewModels;
			sourceTree = "<group>";
		};
		3B55994F2A49CE2E002EBC11 = {
			isa = PBXGroup;
			children = (
				3B55995A2A49CE2E002EBC11 /* LoginScreen */,
				3B5599592A49CE2E002EBC11 /* Products */,
			);
			sourceTree = "<group>";
		};
		3B5599592A49CE2E002EBC11 /* Products */ = {
			isa = PBXGroup;
			children = (
				3B5599582A49CE2E002EBC11 /* LoginScreen.app */,
			);
			name = Products;
			sourceTree = "<group>";
		};
		3B55995A2A49CE2E002EBC11 /* LoginScreen */ = {
			isa = PBXGroup;
			children = (
				3B55996C2A49CE6E002EBC11 /* App */,
				3B55996B2A49CE6A002EBC11 /* Components */,
				3B55996A2A49CE68002EBC11 /* Core */,
				3B5599692A49CE58002EBC11 /* Model */,
				3B55995F2A49CE2F002EBC11 /* Assets.xcassets */,
				3B0E525D2A4A884D006C46B4 /* GoogleService-Info.plist */,
				3B5599612A49CE2F002EBC11 /* Preview Content */,
			);
			path = LoginScreen;
			sourceTree = "<group>";
		};
		3B5599612A49CE2F002EBC11 /* Preview Content */ = {
			isa = PBXGroup;
			children = (
				3B5599622A49CE2F002EBC11 /* Preview Assets.xcassets */,
			);
			path = "Preview Content";
			sourceTree = "<group>";
		};
		3B5599692A49CE58002EBC11 /* Model */ = {
			isa = PBXGroup;
			children = (
				3B0E525B2A4A8179006C46B4 /* User.swift */,
			);
			path = Model;
			sourceTree = "<group>";
		};
		3B55996A2A49CE68002EBC11 /* Core */ = {
			isa = PBXGroup;
			children = (
				3B55996F2A49CEAA002EBC11 /* Root */,
				3B55996E2A49CEA2002EBC11 /* Profile */,
				3B55996D2A49CE96002EBC11 /* Authentication */,
			);
			path = Core;
			sourceTree = "<group>";
		};
		3B55996B2A49CE6A002EBC11 /* Components */ = {
			isa = PBXGroup;
			children = (
				3B5599722A49D0A8002EBC11 /* InputView.swift */,
				3B0E52592A4A7F73006C46B4 /* SettingsRowView.swift */,
			);
			path = Components;
			sourceTree = "<group>";
		};
		3B55996C2A49CE6E002EBC11 /* App */ = {
			isa = PBXGroup;
			children = (
				3B55995B2A49CE2E002EBC11 /* LoginScreenApp.swift */,
			);
			path = App;
			sourceTree = "<group>";
		};
		3B55996D2A49CE96002EBC11 /* Authentication */ = {
			isa = PBXGroup;
			children = (
				3B0E52692A4A8904006C46B4 /* ViewModels */,
				3B0E52682A4A88FF006C46B4 /* Views */,
			);
			path = Authentication;
			sourceTree = "<group>";
		};
		3B55996E2A49CEA2002EBC11 /* Profile */ = {
			isa = PBXGroup;
			children = (
				3B0E52572A49DF02006C46B4 /* ProfileView.swift */,
			);
			path = Profile;
			sourceTree = "<group>";
		};
		3B55996F2A49CEAA002EBC11 /* Root */ = {
			isa = PBXGroup;
			children = (
				3B55995D2A49CE2E002EBC11 /* ContentView.swift */,
			);
			path = Root;
			sourceTree = "<group>";
		};
/* End PBXGroup section */

/* Begin PBXNativeTarget section */
		3B5599572A49CE2E002EBC11 /* LoginScreen */ = {
			isa = PBXNativeTarget;
			buildConfigurationList = 3B5599662A49CE2F002EBC11 /* Build configuration list for PBXNativeTarget "LoginScreen" */;
			buildPhases = (
				3B5599542A49CE2E002EBC11 /* Sources */,
				3B5599552A49CE2E002EBC11 /* Frameworks */,
				3B5599562A49CE2E002EBC11 /* Resources */,
			);
			buildRules = (
			);
			dependencies = (
			);
			name = LoginScreen;
			packageProductDependencies = (
				3B0E52602A4A88C2006C46B4 /* FirebaseAuth */,
				3B0E52622A4A88C2006C46B4 /* FirebaseFirestore */,
				3B0E52642A4A88C2006C46B4 /* FirebaseFirestoreSwift */,
				3B0E52662A4A88C2006C46B4 /* FirebaseStorage */,
			);
			productName = LoginScreen;
			productReference = 3B5599582A49CE2E002EBC11 /* LoginScreen.app */;
			productType = "com.apple.product-type.application";
		};
/* End PBXNativeTarget section */

/* Begin PBXProject section */
		3B5599502A49CE2E002EBC11 /* Project object */ = {
			isa = PBXProject;
			attributes = {
				BuildIndependentTargetsInParallel = 1;
				LastSwiftUpdateCheck = 1430;
				LastUpgradeCheck = 1430;
				TargetAttributes = {
					3B5599572A49CE2E002EBC11 = {
						CreatedOnToolsVersion = 14.3.1;
					};
				};
			};
			buildConfigurationList = 3B5599532A49CE2E002EBC11 /* Build configuration list for PBXProject "LoginScreen" */;
			compatibilityVersion = "Xcode 14.0";
			developmentRegion = en;
			hasScannedForEncodings = 0;
			knownRegions = (
				en,
				Base,
			);
			mainGroup = 3B55994F2A49CE2E002EBC11;
			packageReferences = (
				3B0E525F2A4A88C2006C46B4 /* XCRemoteSwiftPackageReference "firebase-ios-sdk" */,
			);
			productRefGroup = 3B5599592A49CE2E002EBC11 /* Products */;
			projectDirPath = "";
			projectRoot = "";
			targets = (
				3B5599572A49CE2E002EBC11 /* LoginScreen */,
			);
		};
/* End PBXProject section */

/* Begin PBXResourcesBuildPhase section */
		3B5599562A49CE2E002EBC11 /* Resources */ = {
			isa = PBXResourcesBuildPhase;
			buildActionMask = 2147483647;
			files = (
				3B5599632A49CE2F002EBC11 /* Preview Assets.xcassets in Resources */,
				3B5599602A49CE2F002EBC11 /* Assets.xcassets in Resources */,
				3B0E525E2A4A884D006C46B4 /* GoogleService-Info.plist in Resources */,
			);
			runOnlyForDeploymentPostprocessing = 0;
		};
/* End PBXResourcesBuildPhase section */

/* Begin PBXSourcesBuildPhase section */
		3B5599542A49CE2E002EBC11 /* Sources */ = {
			isa = PBXSourcesBuildPhase;
			buildActionMask = 2147483647;
			files = (
				3B5599712A49CED8002EBC11 /* LoginView.swift in Sources */,
				3B5599732A49D0A8002EBC11 /* InputView.swift in Sources */,
				3B55995E2A49CE2E002EBC11 /* ContentView.swift in Sources */,
				3B55995C2A49CE2E002EBC11 /* LoginScreenApp.swift in Sources */,
				3B0E52582A49DF02006C46B4 /* ProfileView.swift in Sources */,
				3B0E525C2A4A8179006C46B4 /* User.swift in Sources */,
				3B0E52562A49DB72006C46B4 /* RegistrationView.swift in Sources */,
				3B0E526B2A4A8922006C46B4 /* AuthViewModel.swift in Sources */,
				3B0E525A2A4A7F73006C46B4 /* SettingsRowView.swift in Sources */,
			);
			runOnlyForDeploymentPostprocessing = 0;
		};
/* End PBXSourcesBuildPhase section */

/* Begin XCBuildConfiguration section */
		3B5599642A49CE2F002EBC11 /* Debug */ = {
			isa = XCBuildConfiguration;
			buildSettings = {
				ALWAYS_SEARCH_USER_PATHS = NO;
				CLANG_ANALYZER_NONNULL = YES;
				CLANG_ANALYZER_NUMBER_OBJECT_CONVERSION = YES_AGGRESSIVE;
				CLANG_CXX_LANGUAGE_STANDARD = "gnu++20";
				CLANG_ENABLE_MODULES = YES;
				CLANG_ENABLE_OBJC_ARC = YES;
				CLANG_ENABLE_OBJC_WEAK = YES;
				CLANG_WARN_BLOCK_CAPTURE_AUTORELEASING = YES;
				CLANG_WARN_BOOL_CONVERSION = YES;
				CLANG_WARN_COMMA = YES;
				CLANG_WARN_CONSTANT_CONVERSION = YES;
				CLANG_WARN_DEPRECATED_OBJC_IMPLEMENTATIONS = YES;
				CLANG_WARN_DIRECT_OBJC_ISA_USAGE = YES_ERROR;
				CLANG_WARN_DOCUMENTATION_COMMENTS = YES;
				CLANG_WARN_EMPTY_BODY = YES;
				CLANG_WARN_ENUM_CONVERSION = YES;
				CLANG_WARN_INFINITE_RECURSION = YES;
				CLANG_WARN_INT_CONVERSION = YES;
				CLANG_WARN_NON_LITERAL_NULL_CONVERSION = YES;
				CLANG_WARN_OBJC_IMPLICIT_RETAIN_SELF = YES;
				CLANG_WARN_OBJC_LITERAL_CONVERSION = YES;
				CLANG_WARN_OBJC_ROOT_CLASS = YES_ERROR;
				CLANG_WARN_QUOTED_INCLUDE_IN_FRAMEWORK_HEADER = YES;
				CLANG_WARN_RANGE_LOOP_ANALYSIS = YES;
				CLANG_WARN_STRICT_PROTOTYPES = YES;
				CLANG_WARN_SUSPICIOUS_MOVE = YES;
				CLANG_WARN_UNGUARDED_AVAILABILITY = YES_AGGRESSIVE;
				CLANG_WARN_UNREACHABLE_CODE = YES;
				CLANG_WARN__DUPLICATE_METHOD_MATCH = YES;
				COPY_PHASE_STRIP = NO;
				DEBUG_INFORMATION_FORMAT = dwarf;
				ENABLE_STRICT_OBJC_MSGSEND = YES;
				ENABLE_TESTABILITY = YES;
				GCC_C_LANGUAGE_STANDARD = gnu11;
				GCC_DYNAMIC_NO_PIC = NO;
				GCC_NO_COMMON_BLOCKS = YES;
				GCC_OPTIMIZATION_LEVEL = 0;
				GCC_PREPROCESSOR_DEFINITIONS = (
					"DEBUG=1",
					"$(inherited)",
				);
				GCC_WARN_64_TO_32_BIT_CONVERSION = YES;
				GCC_WARN_ABOUT_RETURN_TYPE = YES_ERROR;
				GCC_WARN_UNDECLARED_SELECTOR = YES;
				GCC_WARN_UNINITIALIZED_AUTOS = YES_AGGRESSIVE;
				GCC_WARN_UNUSED_FUNCTION = YES;
				GCC_WARN_UNUSED_VARIABLE = YES;
				IPHONEOS_DEPLOYMENT_TARGET = 16.4;
				MTL_ENABLE_DEBUG_INFO = INCLUDE_SOURCE;
				MTL_FAST_MATH = YES;
				ONLY_ACTIVE_ARCH = YES;
				SDKROOT = iphoneos;
				SWIFT_ACTIVE_COMPILATION_CONDITIONS = DEBUG;
				SWIFT_OPTIMIZATION_LEVEL = "-Onone";
			};
			name = Debug;
		};
		3B5599652A49CE2F002EBC11 /* Release */ = {
			isa = XCBuildConfiguration;
			buildSettings = {
				ALWAYS_SEARCH_USER_PATHS = NO;
				CLANG_ANALYZER_NONNULL = YES;
				CLANG_ANALYZER_NUMBER_OBJECT_CONVERSION = YES_AGGRESSIVE;
				CLANG_CXX_LANGUAGE_STANDARD = "gnu++20";
				CLANG_ENABLE_MODULES = YES;
				CLANG_ENABLE_OBJC_ARC = YES;
				CLANG_ENABLE_OBJC_WEAK = YES;
				CLANG_WARN_BLOCK_CAPTURE_AUTORELEASING = YES;
				CLANG_WARN_BOOL_CONVERSION = YES;
				CLANG_WARN_COMMA = YES;
				CLANG_WARN_CONSTANT_CONVERSION = YES;
				CLANG_WARN_DEPRECATED_OBJC_IMPLEMENTATIONS = YES;
				CLANG_WARN_DIRECT_OBJC_ISA_USAGE = YES_ERROR;
				CLANG_WARN_DOCUMENTATION_COMMENTS = YES;
				CLANG_WARN_EMPTY_BODY = YES;
				CLANG_WARN_ENUM_CONVERSION = YES;
				CLANG_WARN_INFINITE_RECURSION = YES;
				CLANG_WARN_INT_CONVERSION = YES;
				CLANG_WARN_NON_LITERAL_NULL_CONVERSION = YES;
				CLANG_WARN_OBJC_IMPLICIT_RETAIN_SELF = YES;
				CLANG_WARN_OBJC_LITERAL_CONVERSION = YES;
				CLANG_WARN_OBJC_ROOT_CLASS = YES_ERROR;
				CLANG_WARN_QUOTED_INCLUDE_IN_FRAMEWORK_HEADER = YES;
				CLANG_WARN_RANGE_LOOP_ANALYSIS = YES;
				CLANG_WARN_STRICT_PROTOTYPES = YES;
				CLANG_WARN_SUSPICIOUS_MOVE = YES;
				CLANG_WARN_UNGUARDED_AVAILABILITY = YES_AGGRESSIVE;
				CLANG_WARN_UNREACHABLE_CODE = YES;
				CLANG_WARN__DUPLICATE_METHOD_MATCH = YES;
				COPY_PHASE_STRIP = NO;
				DEBUG_INFORMATION_FORMAT = "dwarf-with-dsym";
				ENABLE_NS_ASSERTIONS = NO;
				ENABLE_STRICT_OBJC_MSGSEND = YES;
				GCC_C_LANGUAGE_STANDARD = gnu11;
				GCC_NO_COMMON_BLOCKS = YES;
				GCC_WARN_64_TO_32_BIT_CONVERSION = YES;
				GCC_WARN_ABOUT_RETURN_TYPE = YES_ERROR;
				GCC_WARN_UNDECLARED_SELECTOR = YES;
				GCC_WARN_UNINITIALIZED_AUTOS = YES_AGGRESSIVE;
				GCC_WARN_UNUSED_FUNCTION = YES;
				GCC_WARN_UNUSED_VARIABLE = YES;
				IPHONEOS_DEPLOYMENT_TARGET = 16.4;
				MTL_ENABLE_DEBUG_INFO = NO;
				MTL_FAST_MATH = YES;
				SDKROOT = iphoneos;
				SWIFT_COMPILATION_MODE = wholemodule;
				SWIFT_OPTIMIZATION_LEVEL = "-O";
				VALIDATE_PRODUCT = YES;
			};
			name = Release;
		};
		3B5599672A49CE2F002EBC11 /* Debug */ = {
			isa = XCBuildConfiguration;
			buildSettings = {
				ASSETCATALOG_COMPILER_APPICON_NAME = AppIcon;
				ASSETCATALOG_COMPILER_GLOBAL_ACCENT_COLOR_NAME = AccentColor;
				CODE_SIGN_STYLE = Automatic;
				CURRENT_PROJECT_VERSION = 1;
				DEVELOPMENT_ASSET_PATHS = "\"LoginScreen/Preview Content\"";
				DEVELOPMENT_TEAM = 2232269234;
				ENABLE_PREVIEWS = YES;
				GENERATE_INFOPLIST_FILE = YES;
				INFOPLIST_KEY_UIApplicationSceneManifest_Generation = YES;
				INFOPLIST_KEY_UIApplicationSupportsIndirectInputEvents = YES;
				INFOPLIST_KEY_UILaunchScreen_Generation = YES;
				INFOPLIST_KEY_UISupportedInterfaceOrientations_iPad = "UIInterfaceOrientationPortrait UIInterfaceOrientationPortraitUpsideDown UIInterfaceOrientationLandscapeLeft UIInterfaceOrientationLandscapeRight";
				INFOPLIST_KEY_UISupportedInterfaceOrientations_iPhone = "UIInterfaceOrientationPortrait UIInterfaceOrientationLandscapeLeft UIInterfaceOrientationLandscapeRight";
				LD_RUNPATH_SEARCH_PATHS = (
					"$(inherited)",
					"@executable_path/Frameworks",
				);
				MARKETING_VERSION = 1.0;
				PRODUCT_BUNDLE_IDENTIFIER = bobbykiaie.LoginScreen;
				PRODUCT_NAME = "$(TARGET_NAME)";
				SWIFT_EMIT_LOC_STRINGS = YES;
				SWIFT_VERSION = 5.0;
				TARGETED_DEVICE_FAMILY = "1,2";
			};
			name = Debug;
		};
		3B5599682A49CE2F002EBC11 /* Release */ = {
			isa = XCBuildConfiguration;
			buildSettings = {
				ASSETCATALOG_COMPILER_APPICON_NAME = AppIcon;
				ASSETCATALOG_COMPILER_GLOBAL_ACCENT_COLOR_NAME = AccentColor;
				CODE_SIGN_STYLE = Automatic;
				CURRENT_PROJECT_VERSION = 1;
				DEVELOPMENT_ASSET_PATHS = "\"LoginScreen/Preview Content\"";
				DEVELOPMENT_TEAM = 2232269234;
				ENABLE_PREVIEWS = YES;
				GENERATE_INFOPLIST_FILE = YES;
				INFOPLIST_KEY_UIApplicationSceneManifest_Generation = YES;
				INFOPLIST_KEY_UIApplicationSupportsIndirectInputEvents = YES;
				INFOPLIST_KEY_UILaunchScreen_Generation = YES;
				INFOPLIST_KEY_UISupportedInterfaceOrientations_iPad = "UIInterfaceOrientationPortrait UIInterfaceOrientationPortraitUpsideDown UIInterfaceOrientationLandscapeLeft UIInterfaceOrientationLandscapeRight";
				INFOPLIST_KEY_UISupportedInterfaceOrientations_iPhone = "UIInterfaceOrientationPortrait UIInterfaceOrientationLandscapeLeft UIInterfaceOrientationLandscapeRight";
				LD_RUNPATH_SEARCH_PATHS = (
					"$(inherited)",
					"@executable_path/Frameworks",
				);
				MARKETING_VERSION = 1.0;
				PRODUCT_BUNDLE_IDENTIFIER = bobbykiaie.LoginScreen;
				PRODUCT_NAME = "$(TARGET_NAME)";
				SWIFT_EMIT_LOC_STRINGS = YES;
				SWIFT_VERSION = 5.0;
				TARGETED_DEVICE_FAMILY = "1,2";
			};
			name = Release;
		};
/* End XCBuildConfiguration section */

/* Begin XCConfigurationList section */
		3B5599532A49CE2E002EBC11 /* Build configuration list for PBXProject "LoginScreen" */ = {
			isa = XCConfigurationList;
			buildConfigurations = (
				3B5599642A49CE2F002EBC11 /* Debug */,
				3B5599652A49CE2F002EBC11 /* Release */,
			);
			defaultConfigurationIsVisible = 0;
			defaultConfigurationName = Release;
		};
		3B5599662A49CE2F002EBC11 /* Build configuration list for PBXNativeTarget "LoginScreen" */ = {
			isa = XCConfigurationList;
			buildConfigurations = (
				3B5599672A49CE2F002EBC11 /* Debug */,
				3B5599682A49CE2F002EBC11 /* Release */,
			);
			defaultConfigurationIsVisible = 0;
			defaultConfigurationName = Release;
		};
/* End XCConfigurationList section */

/* Begin XCRemoteSwiftPackageReference section */
		3B0E525F2A4A88C2006C46B4 /* XCRemoteSwiftPackageReference "firebase-ios-sdk" */ = {
			isa = XCRemoteSwiftPackageReference;
			repositoryURL = "https://github.com/firebase/firebase-ios-sdk";
			requirement = {
				kind = upToNextMajorVersion;
				minimumVersion = 10.0.0;
			};
		};
/* End XCRemoteSwiftPackageReference section */

/* Begin XCSwiftPackageProductDependency section */
		3B0E52602A4A88C2006C46B4 /* FirebaseAuth */ = {
			isa = XCSwiftPackageProductDependency;
			package = 3B0E525F2A4A88C2006C46B4 /* XCRemoteSwiftPackageReference "firebase-ios-sdk" */;
			productName = FirebaseAuth;
		};
		3B0E52622A4A88C2006C46B4 /* FirebaseFirestore */ = {
			isa = XCSwiftPackageProductDependency;
			package = 3B0E525F2A4A88C2006C46B4 /* XCRemoteSwiftPackageReference "firebase-ios-sdk" */;
			productName = FirebaseFirestore;
		};
		3B0E52642A4A88C2006C46B4 /* FirebaseFirestoreSwift */ = {
			isa = XCSwiftPackageProductDependency;
			package = 3B0E525F2A4A88C2006C46B4 /* XCRemoteSwiftPackageReference "firebase-ios-sdk" */;
			productName = FirebaseFirestoreSwift;
		};
		3B0E52662A4A88C2006C46B4 /* FirebaseStorage */ = {
			isa = XCSwiftPackageProductDependency;
			package = 3B0E525F2A4A88C2006C46B4 /* XCRemoteSwiftPackageReference "firebase-ios-sdk" */;
			productName = FirebaseStorage;
		};
/* End XCSwiftPackageProductDependency section */
	};
	rootObject = 3B5599502A49CE2E002EBC11 /* Project object */;
}
